
Microsoft Visual Studio Solution File, Format Version 12.00
# Visual Studio Version 17
VisualStudioVersion = 17.1.32328.378
MinimumVisualStudioVersion = 10.0.40219.1
Project("{9A19103F-16F7-4668-BE54-9A1E7A4F7556}") = "Domain", "Domain\Domain.csproj", "{37F1496E-A567-4C5E-BE2C-DE0C9B51D7A0}"
EndProject
Project("{9A19103F-16F7-4668-BE54-9A1E7A4F7556}") = "Domain.Tests", "Domain.Tests\Domain.Tests.csproj", "{8B5FE92F-C9D3-437C-828B-7A1870276169}"
	ProjectSection(ProjectDependencies) = postProject
		{37F1496E-A567-4C5E-BE2C-DE0C9B51D7A0} = {37F1496E-A567-4C5E-BE2C-DE0C9B51D7A0}
	EndProjectSection
EndProject
Project("{9A19103F-16F7-4668-BE54-9A1E7A4F7556}") = "Infra.Data", "Infra.Data\Infra.Data.csproj", "{F9C0940A-E5C1-4902-A1B6-67FE448A875E}"
EndProject
Project("{9A19103F-16F7-4668-BE54-9A1E7A4F7556}") = "Infra.IoC", "Infra.IoC\Infra.IoC.csproj", "{A89C7553-F8BC-4E57-A816-7097F9C277CE}"
EndProject
Project("{9A19103F-16F7-4668-BE54-9A1E7A4F7556}") = "Application", "Application\Application.csproj", "{D97F6EA5-B9BF-41FF-8339-E0C834D8BAE1}"
EndProject
Project("{FAE04EC0-301F-11D3-BF4B-00C04F79EFBC}") = "WebUi", "WebUi\WebUi.csproj", "{3B5273C9-C021-4A3D-8929-51DFA2C41BA9}"
EndProject
Global
	GlobalSection(SolutionConfigurationPlatforms) = preSolution
		Debug|Any CPU = Debug|Any CPU
		Release|Any CPU = Release|Any CPU
	EndGlobalSection
	GlobalSection(ProjectConfigurationPlatforms) = postSolution
		{37F1496E-A567-4C5E-BE2C-DE0C9B51D7A0}.Debug|Any CPU.ActiveCfg = Debug|Any CPU
		{37F1496E-A567-4C5E-BE2C-DE0C9B51D7A0}.Debug|Any CPU.Build.0 = Debug|Any CPU
		{37F1496E-A567-4C5E-BE2C-DE0C9B51D7A0}.Release|Any CPU.ActiveCfg = Release|Any CPU
		{37F1496E-A567-4C5E-BE2C-DE0C9B51D7A0}.Release|Any CPU.Build.0 = Release|Any CPU
		{8B5FE92F-C9D3-437C-828B-7A1870276169}.Debug|Any CPU.ActiveCfg = Debug|Any CPU
		{8B5FE92F-C9D3-437C-828B-7A1870276169}.Debug|Any CPU.Build.0 = Debug|Any CPU
		{8B5FE92F-C9D3-437C-828B-7A1870276169}.Release|Any CPU.ActiveCfg = Release|Any CPU
		{8B5FE92F-C9D3-437C-828B-7A1870276169}.Release|Any CPU.Build.0 = Release|Any CPU
		{F9C0940A-E5C1-4902-A1B6-67FE448A875E}.Debug|Any CPU.ActiveCfg = Debug|Any CPU
		{F9C0940A-E5C1-4902-A1B6-67FE448A875E}.Debug|Any CPU.Build.0 = Debug|Any CPU
		{F9C0940A-E5C1-4902-A1B6-67FE448A875E}.Release|Any CPU.ActiveCfg = Release|Any CPU
		{F9C0940A-E5C1-4902-A1B6-67FE448A875E}.Release|Any CPU.Build.0 = Release|Any CPU
		{A89C7553-F8BC-4E57-A816-7097F9C277CE}.Debug|Any CPU.ActiveCfg = Debug|Any CPU
		{A89C7553-F8BC-4E57-A816-7097F9C277CE}.Debug|Any CPU.Build.0 = Debug|Any CPU
		{A89C7553-F8BC-4E57-A816-7097F9C277CE}.Release|Any CPU.ActiveCfg = Release|Any CPU
		{A89C7553-F8BC-4E57-A816-7097F9C277CE}.Release|Any CPU.Build.0 = Release|Any CPU
		{D97F6EA5-B9BF-41FF-8339-E0C834D8BAE1}.Debug|Any CPU.ActiveCfg = Debug|Any CPU
		{D97F6EA5-B9BF-41FF-8339-E0C834D8BAE1}.Debug|Any CPU.Build.0 = Debug|Any CPU
		{D97F6EA5-B9BF-41FF-8339-E0C834D8BAE1}.Release|Any CPU.ActiveCfg = Release|Any CPU
		{D97F6EA5-B9BF-41FF-8339-E0C834D8BAE1}.Release|Any CPU.Build.0 = Release|Any CPU
		{3B5273C9-C021-4A3D-8929-51DFA2C41BA9}.Debug|Any CPU.ActiveCfg = Debug|Any CPU
		{3B5273C9-C021-4A3D-8929-51DFA2C41BA9}.Debug|Any CPU.Build.0 = Debug|Any CPU
		{3B5273C9-C021-4A3D-8929-51DFA2C41BA9}.Release|Any CPU.ActiveCfg = Release|Any CPU
		{3B5273C9-C021-4A3D-8929-51DFA2C41BA9}.Release|Any CPU.Build.0 = Release|Any CPU
	EndGlobalSection
	GlobalSection(SolutionProperties) = preSolution
		HideSolutionNode = FALSE
	EndGlobalSection
	GlobalSection(ExtensibilityGlobals) = postSolution
		SolutionGuid = {FF195497-484F-462B-8B51-6344E89BC9FC}
	EndGlobalSection
EndGlobal
